
Microsoft Visual Studio Solution File, Format Version 12.00
# Visual Studio 15
VisualStudioVersion = 15.0.27428.2002
MinimumVisualStudioVersion = 10.0.40219.1
Project("{FAE04EC0-301F-11D3-BF4B-00C04F79EFBC}") = "ConnectionService", "FalconicSKP\ConnectionService\ConnectionService.csproj", "{0B9A52B7-7AED-4FA9-80B9-05C13D6DEB5C}"
EndProject
Project("{9A19103F-16F7-4668-BE54-9A1E7A4F7556}") = "Falconic.Messaging", "C:\Users\andre\OneDrive\Dokumente\Visual Studio 2017\Projects\Falconic\FalconicSKP\ConnectionService\Falconic.Messaging\Falconic.Messaging.csproj", "{74D28EA1-F2CA-4BDE-8B5C-89749C6BA4C2}"
EndProject
Global
	GlobalSection(SolutionConfigurationPlatforms) = preSolution
		Debug|Any CPU = Debug|Any CPU
		Release|Any CPU = Release|Any CPU
	EndGlobalSection
	GlobalSection(ProjectConfigurationPlatforms) = postSolution
		{0B9A52B7-7AED-4FA9-80B9-05C13D6DEB5C}.Debug|Any CPU.ActiveCfg = Debug|Any CPU
		{0B9A52B7-7AED-4FA9-80B9-05C13D6DEB5C}.Debug|Any CPU.Build.0 = Debug|Any CPU
		{0B9A52B7-7AED-4FA9-80B9-05C13D6DEB5C}.Release|Any CPU.ActiveCfg = Release|Any CPU
		{0B9A52B7-7AED-4FA9-80B9-05C13D6DEB5C}.Release|Any CPU.Build.0 = Release|Any CPU
		{74D28EA1-F2CA-4BDE-8B5C-89749C6BA4C2}.Debug|Any CPU.ActiveCfg = Debug|Any CPU
		{74D28EA1-F2CA-4BDE-8B5C-89749C6BA4C2}.Debug|Any CPU.Build.0 = Debug|Any CPU
		{74D28EA1-F2CA-4BDE-8B5C-89749C6BA4C2}.Release|Any CPU.ActiveCfg = Release|Any CPU
		{74D28EA1-F2CA-4BDE-8B5C-89749C6BA4C2}.Release|Any CPU.Build.0 = Release|Any CPU
	EndGlobalSection
	GlobalSection(SolutionProperties) = preSolution
		HideSolutionNode = FALSE
	EndGlobalSection
	GlobalSection(ExtensibilityGlobals) = postSolution
		SolutionGuid = {B1CCE3B6-67A8-4E4A-B490-CAF4522BD78C}
	EndGlobalSection
EndGlobal
